{
  "name": "greenlight-helm-library",
  "version": "0.1.4",
  "lockfileVersion": 2,
  "requires": true,
  "packages": {
    "": {
      "name": "greenlight-helm-library",
      "version": "0.1.4",
      "devDependencies": {
        "node-noop": "^1.0.0",
        "npm-failsafe": "^0.4.3"
      }
    },
    "node_modules/node-noop": {
      "version": "1.0.0",
      "resolved": "https://registry.npmjs.org/node-noop/-/node-noop-1.0.0.tgz",
      "integrity": "sha1-R6Pn2Az/qmRYNkvSLthcqzMHvnk=",
      "dev": true
    },
    "node_modules/npm-failsafe": {
      "version": "0.4.3",
      "resolved": "https://registry.npmjs.org/npm-failsafe/-/npm-failsafe-0.4.3.tgz",
      "integrity": "sha512-PekvRDRI/zJ4JgRMAQQHbY/2IbdC7jvf/EgpSIto1ILkQbHS3K1W/irnMHXosw5KOQGbkupDHOGbFj+nQbteIw==",
      "dev": true,
      "bin": {
        "failsafe": "bin/failsafe"
      },
      "engines": {
        "node": ">= 6.12.x",
        "npm": ">= 3"
      }
    }
  },
  "dependencies": {
    "node-noop": {
      "version": "1.0.0",
      "resolved": "https://registry.npmjs.org/node-noop/-/node-noop-1.0.0.tgz",
      "integrity": "sha1-R6Pn2Az/qmRYNkvSLthcqzMHvnk=",
      "dev": true
    },
    "npm-failsafe": {
      "version": "0.4.3",
      "resolved": "https://registry.npmjs.org/npm-failsafe/-/npm-failsafe-0.4.3.tgz",
      "integrity": "sha512-PekvRDRI/zJ4JgRMAQQHbY/2IbdC7jvf/EgpSIto1ILkQbHS3K1W/irnMHXosw5KOQGbkupDHOGbFj+nQbteIw==",
      "dev": true
    }
  }
}
